// !$*UTF8*$!
{
	archiveVersion = 1;
	classes = {
	};
	objectVersion = 56;
	objects = {

/* Begin PBXBuildFile section */
		41038B832C765D07000E563C /* GoogleService-Info.plist in Resources */ = {isa = PBXBuildFile; fileRef = 41038B822C765D07000E563C /* GoogleService-Info.plist */; };
		41038B862C765EC7000E563C /* FirebaseAnalytics in Frameworks */ = {isa = PBXBuildFile; productRef = 41038B852C765EC7000E563C /* FirebaseAnalytics */; };
		41038B882C765EC7000E563C /* FirebaseAnalyticsOnDeviceConversion in Frameworks */ = {isa = PBXBuildFile; productRef = 41038B872C765EC7000E563C /* FirebaseAnalyticsOnDeviceConversion */; };
		41038B8A2C765EC7000E563C /* FirebaseAnalyticsWithoutAdIdSupport in Frameworks */ = {isa = PBXBuildFile; productRef = 41038B892C765EC7000E563C /* FirebaseAnalyticsWithoutAdIdSupport */; };
		41038B8C2C765EC7000E563C /* FirebaseAppCheck in Frameworks */ = {isa = PBXBuildFile; productRef = 41038B8B2C765EC7000E563C /* FirebaseAppCheck */; };
		41038B8E2C765EC7000E563C /* FirebaseAppDistribution-Beta in Frameworks */ = {isa = PBXBuildFile; productRef = 41038B8D2C765EC7000E563C /* FirebaseAppDistribution-Beta */; };
		41038B902C765EC7000E563C /* FirebaseAuth in Frameworks */ = {isa = PBXBuildFile; productRef = 41038B8F2C765EC7000E563C /* FirebaseAuth */; };
		41038B922C765EC7000E563C /* FirebaseAuthCombine-Community in Frameworks */ = {isa = PBXBuildFile; productRef = 41038B912C765EC7000E563C /* FirebaseAuthCombine-Community */; };
		41038B942C765EC7000E563C /* FirebaseCrashlytics in Frameworks */ = {isa = PBXBuildFile; productRef = 41038B932C765EC7000E563C /* FirebaseCrashlytics */; };
		41038B962C765EC7000E563C /* FirebaseDatabase in Frameworks */ = {isa = PBXBuildFile; productRef = 41038B952C765EC7000E563C /* FirebaseDatabase */; };
		41038B982C765EC7000E563C /* FirebaseDynamicLinks in Frameworks */ = {isa = PBXBuildFile; productRef = 41038B972C765EC7000E563C /* FirebaseDynamicLinks */; };
		41038B9A2C765EC7000E563C /* FirebaseFirestore in Frameworks */ = {isa = PBXBuildFile; productRef = 41038B992C765EC7000E563C /* FirebaseFirestore */; };
		41038B9C2C765EC7000E563C /* FirebaseFirestoreCombine-Community in Frameworks */ = {isa = PBXBuildFile; productRef = 41038B9B2C765EC7000E563C /* FirebaseFirestoreCombine-Community */; };
		41038B9E2C765EC7000E563C /* FirebaseFunctions in Frameworks */ = {isa = PBXBuildFile; productRef = 41038B9D2C765EC7000E563C /* FirebaseFunctions */; };
		41038BA02C765EC7000E563C /* FirebaseFunctionsCombine-Community in Frameworks */ = {isa = PBXBuildFile; productRef = 41038B9F2C765EC7000E563C /* FirebaseFunctionsCombine-Community */; };
		41038BA22C765EC7000E563C /* FirebaseInAppMessaging-Beta in Frameworks */ = {isa = PBXBuildFile; productRef = 41038BA12C765EC7000E563C /* FirebaseInAppMessaging-Beta */; };
		41038BA42C765EC7000E563C /* FirebaseInstallations in Frameworks */ = {isa = PBXBuildFile; productRef = 41038BA32C765EC7000E563C /* FirebaseInstallations */; };
		41038BA62C765EC7000E563C /* FirebaseMLModelDownloader in Frameworks */ = {isa = PBXBuildFile; productRef = 41038BA52C765EC7000E563C /* FirebaseMLModelDownloader */; };
		41038BA82C765EC7000E563C /* FirebaseMessaging in Frameworks */ = {isa = PBXBuildFile; productRef = 41038BA72C765EC7000E563C /* FirebaseMessaging */; };
		41038BAA2C765EC7000E563C /* FirebasePerformance in Frameworks */ = {isa = PBXBuildFile; productRef = 41038BA92C765EC7000E563C /* FirebasePerformance */; };
		41038BAC2C765EC7000E563C /* FirebaseRemoteConfig in Frameworks */ = {isa = PBXBuildFile; productRef = 41038BAB2C765EC7000E563C /* FirebaseRemoteConfig */; };
		41038BAE2C765EC7000E563C /* FirebaseStorage in Frameworks */ = {isa = PBXBuildFile; productRef = 41038BAD2C765EC7000E563C /* FirebaseStorage */; };
		41038BB02C765EC7000E563C /* FirebaseStorageCombine-Community in Frameworks */ = {isa = PBXBuildFile; productRef = 41038BAF2C765EC7000E563C /* FirebaseStorageCombine-Community */; };
		41038BB22C765EC7000E563C /* FirebaseVertexAI-Preview in Frameworks */ = {isa = PBXBuildFile; productRef = 41038BB12C765EC7000E563C /* FirebaseVertexAI-Preview */; };
		410A6C942C82B80700764F3E /* CreateShotSingleView.swift in Sources */ = {isa = PBXBuildFile; fileRef = 410A6C932C82B80700764F3E /* CreateShotSingleView.swift */; };
		4112D2182C8B8DFA00CC9DAD /* BoxScoreView.swift in Sources */ = {isa = PBXBuildFile; fileRef = 4112D2172C8B8DFA00CC9DAD /* BoxScoreView.swift */; };
		411485162C72A81600006239 /* Constants.swift in Sources */ = {isa = PBXBuildFile; fileRef = 411485152C72A81600006239 /* Constants.swift */; };
		4114851A2C72BA5700006239 /* LineupsView.swift in Sources */ = {isa = PBXBuildFile; fileRef = 411485192C72BA5700006239 /* LineupsView.swift */; };
		4115BD9D2C76F47800439A25 /* TestView.swift in Sources */ = {isa = PBXBuildFile; fileRef = 4115BD9C2C76F47800439A25 /* TestView.swift */; };
		411753512C73E375007B3717 /* FinishedGameStats.swift in Sources */ = {isa = PBXBuildFile; fileRef = 411753502C73E375007B3717 /* FinishedGameStats.swift */; };
		411753532C73E3AA007B3717 /* SelectStatView.swift in Sources */ = {isa = PBXBuildFile; fileRef = 411753522C73E3AA007B3717 /* SelectStatView.swift */; };
		411753552C759531007B3717 /* TeamLineupView.swift in Sources */ = {isa = PBXBuildFile; fileRef = 411753542C759531007B3717 /* TeamLineupView.swift */; };
		412F0B952C7B1D2900EDE50F /* CreateExclusionView.swift in Sources */ = {isa = PBXBuildFile; fileRef = 412F0B942C7B1D2900EDE50F /* CreateExclusionView.swift */; };
		413E79052C7BB3AF00A7CEEB /* CreateStealView.swift in Sources */ = {isa = PBXBuildFile; fileRef = 413E79042C7BB3AF00A7CEEB /* CreateStealView.swift */; };
		413E79072C7CEE6B00A7CEEB /* CreateTimeoutView.swift in Sources */ = {isa = PBXBuildFile; fileRef = 413E79062C7CEE6B00A7CEEB /* CreateTimeoutView.swift */; };
		413E79092C7CF97A00A7CEEB /* ShotView.swift in Sources */ = {isa = PBXBuildFile; fileRef = 413E79082C7CF97A00A7CEEB /* ShotView.swift */; };
		413F883E2C912F630066DF21 /* GameData.swift in Sources */ = {isa = PBXBuildFile; fileRef = 413F883D2C912F630066DF21 /* GameData.swift */; };
		413F88412C9619970066DF21 /* NewRosterView.swift in Sources */ = {isa = PBXBuildFile; fileRef = 413F88402C9619970066DF21 /* NewRosterView.swift */; };
		4148EA652C72F2EE00494001 /* UploadingStats.swift in Sources */ = {isa = PBXBuildFile; fileRef = 4148EA642C72F2EE00494001 /* UploadingStats.swift */; };
		416822732C783AFB007E7190 /* SelectRosterView.swift in Sources */ = {isa = PBXBuildFile; fileRef = 416822722C783AFB007E7190 /* SelectRosterView.swift */; };
		4168A8362C7922FA00CFA510 /* FirebaseManager.swift in Sources */ = {isa = PBXBuildFile; fileRef = 4168A8352C7922FA00CFA510 /* FirebaseManager.swift */; };
		4168A8382C7A9F3C00CFA510 /* GameView.swift in Sources */ = {isa = PBXBuildFile; fileRef = 4168A8372C7A9F3C00CFA510 /* GameView.swift */; };
		4168A83B2C7AB04000CFA510 /* TimePickerView.swift in Sources */ = {isa = PBXBuildFile; fileRef = 4168A83A2C7AB04000CFA510 /* TimePickerView.swift */; };
		4168A83E2C7AE8E000CFA510 /* CreateTurnoverView.swift in Sources */ = {isa = PBXBuildFile; fileRef = 4168A83D2C7AE8E000CFA510 /* CreateTurnoverView.swift */; };
		419122A62C8162ED0097379F /* AudioRecorder.swift in Sources */ = {isa = PBXBuildFile; fileRef = 419122A52C8162ED0097379F /* AudioRecorder.swift */; };
		41A0CDAC2C7144EA00F74BFD /* livecodeApp.swift in Sources */ = {isa = PBXBuildFile; fileRef = 41A0CDAB2C7144EA00F74BFD /* livecodeApp.swift */; };
		41A0CDAE2C7144EA00F74BFD /* LiveCodeView.swift in Sources */ = {isa = PBXBuildFile; fileRef = 41A0CDAD2C7144EA00F74BFD /* LiveCodeView.swift */; };
		41A0CDB02C7144EC00F74BFD /* Assets.xcassets in Resources */ = {isa = PBXBuildFile; fileRef = 41A0CDAF2C7144EC00F74BFD /* Assets.xcassets */; };
		41A0CDB32C7144EC00F74BFD /* Preview Assets.xcassets in Resources */ = {isa = PBXBuildFile; fileRef = 41A0CDB22C7144EC00F74BFD /* Preview Assets.xcassets */; };
		41A0CDBD2C7144EC00F74BFD /* livecodeTests.swift in Sources */ = {isa = PBXBuildFile; fileRef = 41A0CDBC2C7144EC00F74BFD /* livecodeTests.swift */; };
		41A0CDC72C7144EC00F74BFD /* livecodeUITests.swift in Sources */ = {isa = PBXBuildFile; fileRef = 41A0CDC62C7144EC00F74BFD /* livecodeUITests.swift */; };
		41A0CDC92C7144EC00F74BFD /* livecodeUITestsLaunchTests.swift in Sources */ = {isa = PBXBuildFile; fileRef = 41A0CDC82C7144EC00F74BFD /* livecodeUITestsLaunchTests.swift */; };
		41A0CDD62C7147BC00F74BFD /* NewGameView.swift in Sources */ = {isa = PBXBuildFile; fileRef = 41A0CDD52C7147BC00F74BFD /* NewGameView.swift */; };
		41A0CDD82C7147C900F74BFD /* PreviousGamesView.swift in Sources */ = {isa = PBXBuildFile; fileRef = 41A0CDD72C7147C900F74BFD /* PreviousGamesView.swift */; };
		41BD4CF92C8A437B00E8E32D /* FollowLiveGameView.swift in Sources */ = {isa = PBXBuildFile; fileRef = 41BD4CF82C8A437B00E8E32D /* FollowLiveGameView.swift */; };
		41BD4CFB2C8AD67000E8E32D /* SelectLiveGameView.swift in Sources */ = {isa = PBXBuildFile; fileRef = 41BD4CFA2C8AD67000E8E32D /* SelectLiveGameView.swift */; };
/* End PBXBuildFile section */

/* Begin PBXContainerItemProxy section */
		41A0CDB92C7144EC00F74BFD /* PBXContainerItemProxy */ = {
			isa = PBXContainerItemProxy;
			containerPortal = 41A0CDA02C7144EA00F74BFD /* Project object */;
			proxyType = 1;
			remoteGlobalIDString = 41A0CDA72C7144EA00F74BFD;
			remoteInfo = livecode;
		};
		41A0CDC32C7144EC00F74BFD /* PBXContainerItemProxy */ = {
			isa = PBXContainerItemProxy;
			containerPortal = 41A0CDA02C7144EA00F74BFD /* Project object */;
			proxyType = 1;
			remoteGlobalIDString = 41A0CDA72C7144EA00F74BFD;
			remoteInfo = livecode;
		};
/* End PBXContainerItemProxy section */

/* Begin PBXFileReference section */
		41038B822C765D07000E563C /* GoogleService-Info.plist */ = {isa = PBXFileReference; fileEncoding = 4; lastKnownFileType = text.plist.xml; name = "GoogleService-Info.plist"; path = "../../../../Downloads/GoogleService-Info.plist"; sourceTree = "<group>"; };
		410A6C932C82B80700764F3E /* CreateShotSingleView.swift */ = {isa = PBXFileReference; lastKnownFileType = sourcecode.swift; path = CreateShotSingleView.swift; sourceTree = "<group>"; };
		4112D2172C8B8DFA00CC9DAD /* BoxScoreView.swift */ = {isa = PBXFileReference; lastKnownFileType = sourcecode.swift; path = BoxScoreView.swift; sourceTree = "<group>"; };
		411485152C72A81600006239 /* Constants.swift */ = {isa = PBXFileReference; lastKnownFileType = sourcecode.swift; path = Constants.swift; sourceTree = "<group>"; };
		411485192C72BA5700006239 /* LineupsView.swift */ = {isa = PBXFileReference; lastKnownFileType = sourcecode.swift; path = LineupsView.swift; sourceTree = "<group>"; };
		4115BD9C2C76F47800439A25 /* TestView.swift */ = {isa = PBXFileReference; lastKnownFileType = sourcecode.swift; path = TestView.swift; sourceTree = "<group>"; };
		411753502C73E375007B3717 /* FinishedGameStats.swift */ = {isa = PBXFileReference; lastKnownFileType = sourcecode.swift; path = FinishedGameStats.swift; sourceTree = "<group>"; };
		411753522C73E3AA007B3717 /* SelectStatView.swift */ = {isa = PBXFileReference; lastKnownFileType = sourcecode.swift; path = SelectStatView.swift; sourceTree = "<group>"; };
		411753542C759531007B3717 /* TeamLineupView.swift */ = {isa = PBXFileReference; lastKnownFileType = sourcecode.swift; path = TeamLineupView.swift; sourceTree = "<group>"; };
		412F0B942C7B1D2900EDE50F /* CreateExclusionView.swift */ = {isa = PBXFileReference; lastKnownFileType = sourcecode.swift; path = CreateExclusionView.swift; sourceTree = "<group>"; };
		413E79042C7BB3AF00A7CEEB /* CreateStealView.swift */ = {isa = PBXFileReference; lastKnownFileType = sourcecode.swift; path = CreateStealView.swift; sourceTree = "<group>"; };
		413E79062C7CEE6B00A7CEEB /* CreateTimeoutView.swift */ = {isa = PBXFileReference; lastKnownFileType = sourcecode.swift; path = CreateTimeoutView.swift; sourceTree = "<group>"; };
		413E79082C7CF97A00A7CEEB /* ShotView.swift */ = {isa = PBXFileReference; lastKnownFileType = sourcecode.swift; path = ShotView.swift; sourceTree = "<group>"; };
		413F883D2C912F630066DF21 /* GameData.swift */ = {isa = PBXFileReference; lastKnownFileType = sourcecode.swift; path = GameData.swift; sourceTree = "<group>"; };
		413F88402C9619970066DF21 /* NewRosterView.swift */ = {isa = PBXFileReference; lastKnownFileType = sourcecode.swift; path = NewRosterView.swift; sourceTree = "<group>"; };
		4148EA642C72F2EE00494001 /* UploadingStats.swift */ = {isa = PBXFileReference; lastKnownFileType = sourcecode.swift; path = UploadingStats.swift; sourceTree = "<group>"; };
		416822722C783AFB007E7190 /* SelectRosterView.swift */ = {isa = PBXFileReference; fileEncoding = 4; lastKnownFileType = sourcecode.swift; path = SelectRosterView.swift; sourceTree = "<group>"; };
		4168A8352C7922FA00CFA510 /* FirebaseManager.swift */ = {isa = PBXFileReference; lastKnownFileType = sourcecode.swift; path = FirebaseManager.swift; sourceTree = "<group>"; };
		4168A8372C7A9F3C00CFA510 /* GameView.swift */ = {isa = PBXFileReference; fileEncoding = 4; lastKnownFileType = sourcecode.swift; path = GameView.swift; sourceTree = "<group>"; };
		4168A83A2C7AB04000CFA510 /* TimePickerView.swift */ = {isa = PBXFileReference; lastKnownFileType = sourcecode.swift; path = TimePickerView.swift; sourceTree = "<group>"; };
		4168A83D2C7AE8E000CFA510 /* CreateTurnoverView.swift */ = {isa = PBXFileReference; lastKnownFileType = sourcecode.swift; path = CreateTurnoverView.swift; sourceTree = "<group>"; };
		419122A52C8162ED0097379F /* AudioRecorder.swift */ = {isa = PBXFileReference; lastKnownFileType = sourcecode.swift; path = AudioRecorder.swift; sourceTree = "<group>"; };
		41A0CDA82C7144EA00F74BFD /* livecode.app */ = {isa = PBXFileReference; explicitFileType = wrapper.application; includeInIndex = 0; path = livecode.app; sourceTree = BUILT_PRODUCTS_DIR; };
		41A0CDAB2C7144EA00F74BFD /* livecodeApp.swift */ = {isa = PBXFileReference; lastKnownFileType = sourcecode.swift; path = livecodeApp.swift; sourceTree = "<group>"; };
		41A0CDAD2C7144EA00F74BFD /* LiveCodeView.swift */ = {isa = PBXFileReference; lastKnownFileType = sourcecode.swift; path = LiveCodeView.swift; sourceTree = "<group>"; };
		41A0CDAF2C7144EC00F74BFD /* Assets.xcassets */ = {isa = PBXFileReference; lastKnownFileType = folder.assetcatalog; path = Assets.xcassets; sourceTree = "<group>"; };
		41A0CDB22C7144EC00F74BFD /* Preview Assets.xcassets */ = {isa = PBXFileReference; lastKnownFileType = folder.assetcatalog; path = "Preview Assets.xcassets"; sourceTree = "<group>"; };
		41A0CDB82C7144EC00F74BFD /* livecodeTests.xctest */ = {isa = PBXFileReference; explicitFileType = wrapper.cfbundle; includeInIndex = 0; path = livecodeTests.xctest; sourceTree = BUILT_PRODUCTS_DIR; };
		41A0CDBC2C7144EC00F74BFD /* livecodeTests.swift */ = {isa = PBXFileReference; lastKnownFileType = sourcecode.swift; path = livecodeTests.swift; sourceTree = "<group>"; };
		41A0CDC22C7144EC00F74BFD /* livecodeUITests.xctest */ = {isa = PBXFileReference; explicitFileType = wrapper.cfbundle; includeInIndex = 0; path = livecodeUITests.xctest; sourceTree = BUILT_PRODUCTS_DIR; };
		41A0CDC62C7144EC00F74BFD /* livecodeUITests.swift */ = {isa = PBXFileReference; lastKnownFileType = sourcecode.swift; path = livecodeUITests.swift; sourceTree = "<group>"; };
		41A0CDC82C7144EC00F74BFD /* livecodeUITestsLaunchTests.swift */ = {isa = PBXFileReference; lastKnownFileType = sourcecode.swift; path = livecodeUITestsLaunchTests.swift; sourceTree = "<group>"; };
		41A0CDD52C7147BC00F74BFD /* NewGameView.swift */ = {isa = PBXFileReference; lastKnownFileType = sourcecode.swift; path = NewGameView.swift; sourceTree = "<group>"; };
		41A0CDD72C7147C900F74BFD /* PreviousGamesView.swift */ = {isa = PBXFileReference; lastKnownFileType = sourcecode.swift; path = PreviousGamesView.swift; sourceTree = "<group>"; };
		41BD4CF82C8A437B00E8E32D /* FollowLiveGameView.swift */ = {isa = PBXFileReference; lastKnownFileType = sourcecode.swift; path = FollowLiveGameView.swift; sourceTree = "<group>"; };
		41BD4CFA2C8AD67000E8E32D /* SelectLiveGameView.swift */ = {isa = PBXFileReference; lastKnownFileType = sourcecode.swift; path = SelectLiveGameView.swift; sourceTree = "<group>"; };
/* End PBXFileReference section */

/* Begin PBXFrameworksBuildPhase section */
		41A0CDA52C7144EA00F74BFD /* Frameworks */ = {
			isa = PBXFrameworksBuildPhase;
			buildActionMask = 2147483647;
			files = (
				41038BB02C765EC7000E563C /* FirebaseStorageCombine-Community in Frameworks */,
				41038BA82C765EC7000E563C /* FirebaseMessaging in Frameworks */,
				41038BA62C765EC7000E563C /* FirebaseMLModelDownloader in Frameworks */,
				41038B8C2C765EC7000E563C /* FirebaseAppCheck in Frameworks */,
				41038B902C765EC7000E563C /* FirebaseAuth in Frameworks */,
				41038B862C765EC7000E563C /* FirebaseAnalytics in Frameworks */,
				41038B8E2C765EC7000E563C /* FirebaseAppDistribution-Beta in Frameworks */,
				41038B8A2C765EC7000E563C /* FirebaseAnalyticsWithoutAdIdSupport in Frameworks */,
				41038B942C765EC7000E563C /* FirebaseCrashlytics in Frameworks */,
				41038B962C765EC7000E563C /* FirebaseDatabase in Frameworks */,
				41038BA02C765EC7000E563C /* FirebaseFunctionsCombine-Community in Frameworks */,
				41038B922C765EC7000E563C /* FirebaseAuthCombine-Community in Frameworks */,
				41038BAE2C765EC7000E563C /* FirebaseStorage in Frameworks */,
				41038B882C765EC7000E563C /* FirebaseAnalyticsOnDeviceConversion in Frameworks */,
				41038B9E2C765EC7000E563C /* FirebaseFunctions in Frameworks */,
				41038BA42C765EC7000E563C /* FirebaseInstallations in Frameworks */,
				41038BAA2C765EC7000E563C /* FirebasePerformance in Frameworks */,
				41038B9C2C765EC7000E563C /* FirebaseFirestoreCombine-Community in Frameworks */,
				41038B9A2C765EC7000E563C /* FirebaseFirestore in Frameworks */,
				41038B982C765EC7000E563C /* FirebaseDynamicLinks in Frameworks */,
				41038BA22C765EC7000E563C /* FirebaseInAppMessaging-Beta in Frameworks */,
				41038BB22C765EC7000E563C /* FirebaseVertexAI-Preview in Frameworks */,
				41038BAC2C765EC7000E563C /* FirebaseRemoteConfig in Frameworks */,
			);
			runOnlyForDeploymentPostprocessing = 0;
		};
		41A0CDB52C7144EC00F74BFD /* Frameworks */ = {
			isa = PBXFrameworksBuildPhase;
			buildActionMask = 2147483647;
			files = (
			);
			runOnlyForDeploymentPostprocessing = 0;
		};
		41A0CDBF2C7144EC00F74BFD /* Frameworks */ = {
			isa = PBXFrameworksBuildPhase;
			buildActionMask = 2147483647;
			files = (
			);
			runOnlyForDeploymentPostprocessing = 0;
		};
/* End PBXFrameworksBuildPhase section */

/* Begin PBXGroup section */
		4114851B2C72BA5C00006239 /* LiveGame */ = {
			isa = PBXGroup;
			children = (
				4168A83C2C7AE8B900CFA510 /* Stats */,
				4168A8392C7A9FFE00CFA510 /* Lineups */,
				41A0CDD52C7147BC00F74BFD /* NewGameView.swift */,
				4168A8372C7A9F3C00CFA510 /* GameView.swift */,
				411753502C73E375007B3717 /* FinishedGameStats.swift */,
				4168A83A2C7AB04000CFA510 /* TimePickerView.swift */,
				41BD4CF82C8A437B00E8E32D /* FollowLiveGameView.swift */,
				41BD4CFA2C8AD67000E8E32D /* SelectLiveGameView.swift */,
			);
			path = LiveGame;
			sourceTree = "<group>";
		};
		413F883F2C9619860066DF21 /* Rosters */ = {
			isa = PBXGroup;
			children = (
				416822722C783AFB007E7190 /* SelectRosterView.swift */,
				413F88402C9619970066DF21 /* NewRosterView.swift */,
			);
			path = Rosters;
			sourceTree = "<group>";
		};
		4168A8392C7A9FFE00CFA510 /* Lineups */ = {
			isa = PBXGroup;
			children = (
				411485192C72BA5700006239 /* LineupsView.swift */,
				411753542C759531007B3717 /* TeamLineupView.swift */,
			);
			path = Lineups;
			sourceTree = "<group>";
		};
		4168A83C2C7AE8B900CFA510 /* Stats */ = {
			isa = PBXGroup;
			children = (
				4148EA642C72F2EE00494001 /* UploadingStats.swift */,
				411753522C73E3AA007B3717 /* SelectStatView.swift */,
				4168A83D2C7AE8E000CFA510 /* CreateTurnoverView.swift */,
				412F0B942C7B1D2900EDE50F /* CreateExclusionView.swift */,
				413E79042C7BB3AF00A7CEEB /* CreateStealView.swift */,
				413E79062C7CEE6B00A7CEEB /* CreateTimeoutView.swift */,
				413E79082C7CF97A00A7CEEB /* ShotView.swift */,
				410A6C932C82B80700764F3E /* CreateShotSingleView.swift */,
			);
			path = Stats;
			sourceTree = "<group>";
		};
		41A0CD9F2C7144EA00F74BFD = {
			isa = PBXGroup;
			children = (
				41A0CDAA2C7144EA00F74BFD /* livecode */,
				41A0CDBB2C7144EC00F74BFD /* livecodeTests */,
				41A0CDC52C7144EC00F74BFD /* livecodeUITests */,
				41A0CDA92C7144EA00F74BFD /* Products */,
			);
			sourceTree = "<group>";
		};
		41A0CDA92C7144EA00F74BFD /* Products */ = {
			isa = PBXGroup;
			children = (
				41A0CDA82C7144EA00F74BFD /* livecode.app */,
				41A0CDB82C7144EC00F74BFD /* livecodeTests.xctest */,
				41A0CDC22C7144EC00F74BFD /* livecodeUITests.xctest */,
			);
			name = Products;
			sourceTree = "<group>";
		};
		41A0CDAA2C7144EA00F74BFD /* livecode */ = {
			isa = PBXGroup;
			children = (
				413F883F2C9619860066DF21 /* Rosters */,
				41038B822C765D07000E563C /* GoogleService-Info.plist */,
				4114851B2C72BA5C00006239 /* LiveGame */,
				41A0CDAB2C7144EA00F74BFD /* livecodeApp.swift */,
				41A0CDAD2C7144EA00F74BFD /* LiveCodeView.swift */,
				41A0CDAF2C7144EC00F74BFD /* Assets.xcassets */,
				41A0CDB12C7144EC00F74BFD /* Preview Content */,
				41A0CDD72C7147C900F74BFD /* PreviousGamesView.swift */,
				411485152C72A81600006239 /* Constants.swift */,
				4115BD9C2C76F47800439A25 /* TestView.swift */,
				4168A8352C7922FA00CFA510 /* FirebaseManager.swift */,
				419122A52C8162ED0097379F /* AudioRecorder.swift */,
				4112D2172C8B8DFA00CC9DAD /* BoxScoreView.swift */,
				413F883D2C912F630066DF21 /* GameData.swift */,
			);
			path = livecode;
			sourceTree = "<group>";
		};
		41A0CDB12C7144EC00F74BFD /* Preview Content */ = {
			isa = PBXGroup;
			children = (
				41A0CDB22C7144EC00F74BFD /* Preview Assets.xcassets */,
			);
			path = "Preview Content";
			sourceTree = "<group>";
		};
		41A0CDBB2C7144EC00F74BFD /* livecodeTests */ = {
			isa = PBXGroup;
			children = (
				41A0CDBC2C7144EC00F74BFD /* livecodeTests.swift */,
			);
			path = livecodeTests;
			sourceTree = "<group>";
		};
		41A0CDC52C7144EC00F74BFD /* livecodeUITests */ = {
			isa = PBXGroup;
			children = (
				41A0CDC62C7144EC00F74BFD /* livecodeUITests.swift */,
				41A0CDC82C7144EC00F74BFD /* livecodeUITestsLaunchTests.swift */,
			);
			path = livecodeUITests;
			sourceTree = "<group>";
		};
/* End PBXGroup section */

/* Begin PBXNativeTarget section */
		41A0CDA72C7144EA00F74BFD /* livecode */ = {
			isa = PBXNativeTarget;
			buildConfigurationList = 41A0CDCC2C7144EC00F74BFD /* Build configuration list for PBXNativeTarget "livecode" */;
			buildPhases = (
				41A0CDA42C7144EA00F74BFD /* Sources */,
				41A0CDA52C7144EA00F74BFD /* Frameworks */,
				41A0CDA62C7144EA00F74BFD /* Resources */,
			);
			buildRules = (
			);
			dependencies = (
			);
			name = livecode;
			packageProductDependencies = (
				41038B852C765EC7000E563C /* FirebaseAnalytics */,
				41038B872C765EC7000E563C /* FirebaseAnalyticsOnDeviceConversion */,
				41038B892C765EC7000E563C /* FirebaseAnalyticsWithoutAdIdSupport */,
				41038B8B2C765EC7000E563C /* FirebaseAppCheck */,
				41038B8D2C765EC7000E563C /* FirebaseAppDistribution-Beta */,
				41038B8F2C765EC7000E563C /* FirebaseAuth */,
				41038B912C765EC7000E563C /* FirebaseAuthCombine-Community */,
				41038B932C765EC7000E563C /* FirebaseCrashlytics */,
				41038B952C765EC7000E563C /* FirebaseDatabase */,
				41038B972C765EC7000E563C /* FirebaseDynamicLinks */,
				41038B992C765EC7000E563C /* FirebaseFirestore */,
				41038B9B2C765EC7000E563C /* FirebaseFirestoreCombine-Community */,
				41038B9D2C765EC7000E563C /* FirebaseFunctions */,
				41038B9F2C765EC7000E563C /* FirebaseFunctionsCombine-Community */,
				41038BA12C765EC7000E563C /* FirebaseInAppMessaging-Beta */,
				41038BA32C765EC7000E563C /* FirebaseInstallations */,
				41038BA52C765EC7000E563C /* FirebaseMLModelDownloader */,
				41038BA72C765EC7000E563C /* FirebaseMessaging */,
				41038BA92C765EC7000E563C /* FirebasePerformance */,
				41038BAB2C765EC7000E563C /* FirebaseRemoteConfig */,
				41038BAD2C765EC7000E563C /* FirebaseStorage */,
				41038BAF2C765EC7000E563C /* FirebaseStorageCombine-Community */,
				41038BB12C765EC7000E563C /* FirebaseVertexAI-Preview */,
			);
			productName = livecode;
			productReference = 41A0CDA82C7144EA00F74BFD /* livecode.app */;
			productType = "com.apple.product-type.application";
		};
		41A0CDB72C7144EC00F74BFD /* livecodeTests */ = {
			isa = PBXNativeTarget;
			buildConfigurationList = 41A0CDCF2C7144EC00F74BFD /* Build configuration list for PBXNativeTarget "livecodeTests" */;
			buildPhases = (
				41A0CDB42C7144EC00F74BFD /* Sources */,
				41A0CDB52C7144EC00F74BFD /* Frameworks */,
				41A0CDB62C7144EC00F74BFD /* Resources */,
			);
			buildRules = (
			);
			dependencies = (
				41A0CDBA2C7144EC00F74BFD /* PBXTargetDependency */,
			);
			name = livecodeTests;
			productName = livecodeTests;
			productReference = 41A0CDB82C7144EC00F74BFD /* livecodeTests.xctest */;
			productType = "com.apple.product-type.bundle.unit-test";
		};
		41A0CDC12C7144EC00F74BFD /* livecodeUITests */ = {
			isa = PBXNativeTarget;
			buildConfigurationList = 41A0CDD22C7144EC00F74BFD /* Build configuration list for PBXNativeTarget "livecodeUITests" */;
			buildPhases = (
				41A0CDBE2C7144EC00F74BFD /* Sources */,
				41A0CDBF2C7144EC00F74BFD /* Frameworks */,
				41A0CDC02C7144EC00F74BFD /* Resources */,
			);
			buildRules = (
			);
			dependencies = (
				41A0CDC42C7144EC00F74BFD /* PBXTargetDependency */,
			);
			name = livecodeUITests;
			productName = livecodeUITests;
			productReference = 41A0CDC22C7144EC00F74BFD /* livecodeUITests.xctest */;
			productType = "com.apple.product-type.bundle.ui-testing";
		};
/* End PBXNativeTarget section */

/* Begin PBXProject section */
		41A0CDA02C7144EA00F74BFD /* Project object */ = {
			isa = PBXProject;
			attributes = {
				BuildIndependentTargetsInParallel = 1;
				LastSwiftUpdateCheck = 1540;
				LastUpgradeCheck = 1540;
				TargetAttributes = {
					41A0CDA72C7144EA00F74BFD = {
						CreatedOnToolsVersion = 15.4;
					};
					41A0CDB72C7144EC00F74BFD = {
						CreatedOnToolsVersion = 15.4;
						TestTargetID = 41A0CDA72C7144EA00F74BFD;
					};
					41A0CDC12C7144EC00F74BFD = {
						CreatedOnToolsVersion = 15.4;
						TestTargetID = 41A0CDA72C7144EA00F74BFD;
					};
				};
			};
			buildConfigurationList = 41A0CDA32C7144EA00F74BFD /* Build configuration list for PBXProject "livecode" */;
			compatibilityVersion = "Xcode 14.0";
			developmentRegion = en;
			hasScannedForEncodings = 0;
			knownRegions = (
				en,
				Base,
			);
			mainGroup = 41A0CD9F2C7144EA00F74BFD;
			packageReferences = (
				41038B842C765D84000E563C /* XCRemoteSwiftPackageReference "firebase-ios-sdk" */,
				419122A72C8164C80097379F /* XCRemoteSwiftPackageReference "OpenAI" */,
			);
			productRefGroup = 41A0CDA92C7144EA00F74BFD /* Products */;
			projectDirPath = "";
			projectRoot = "";
			targets = (
				41A0CDA72C7144EA00F74BFD /* livecode */,
				41A0CDB72C7144EC00F74BFD /* livecodeTests */,
				41A0CDC12C7144EC00F74BFD /* livecodeUITests */,
			);
		};
/* End PBXProject section */

/* Begin PBXResourcesBuildPhase section */
		41A0CDA62C7144EA00F74BFD /* Resources */ = {
			isa = PBXResourcesBuildPhase;
			buildActionMask = 2147483647;
			files = (
				41A0CDB32C7144EC00F74BFD /* Preview Assets.xcassets in Resources */,
				41A0CDB02C7144EC00F74BFD /* Assets.xcassets in Resources */,
				41038B832C765D07000E563C /* GoogleService-Info.plist in Resources */,
			);
			runOnlyForDeploymentPostprocessing = 0;
		};
		41A0CDB62C7144EC00F74BFD /* Resources */ = {
			isa = PBXResourcesBuildPhase;
			buildActionMask = 2147483647;
			files = (
			);
			runOnlyForDeploymentPostprocessing = 0;
		};
		41A0CDC02C7144EC00F74BFD /* Resources */ = {
			isa = PBXResourcesBuildPhase;
			buildActionMask = 2147483647;
			files = (
			);
			runOnlyForDeploymentPostprocessing = 0;
		};
/* End PBXResourcesBuildPhase section */

/* Begin PBXSourcesBuildPhase section */
		41A0CDA42C7144EA00F74BFD /* Sources */ = {
			isa = PBXSourcesBuildPhase;
			buildActionMask = 2147483647;
			files = (
				41BD4CFB2C8AD67000E8E32D /* SelectLiveGameView.swift in Sources */,
				4115BD9D2C76F47800439A25 /* TestView.swift in Sources */,
				4148EA652C72F2EE00494001 /* UploadingStats.swift in Sources */,
				411753532C73E3AA007B3717 /* SelectStatView.swift in Sources */,
				413E79072C7CEE6B00A7CEEB /* CreateTimeoutView.swift in Sources */,
				411753552C759531007B3717 /* TeamLineupView.swift in Sources */,
				41A0CDAE2C7144EA00F74BFD /* LiveCodeView.swift in Sources */,
				4112D2182C8B8DFA00CC9DAD /* BoxScoreView.swift in Sources */,
				413E79092C7CF97A00A7CEEB /* ShotView.swift in Sources */,
				41A0CDAC2C7144EA00F74BFD /* livecodeApp.swift in Sources */,
				41A0CDD62C7147BC00F74BFD /* NewGameView.swift in Sources */,
				4168A83B2C7AB04000CFA510 /* TimePickerView.swift in Sources */,
				413E79052C7BB3AF00A7CEEB /* CreateStealView.swift in Sources */,
				41A0CDD82C7147C900F74BFD /* PreviousGamesView.swift in Sources */,
				410A6C942C82B80700764F3E /* CreateShotSingleView.swift in Sources */,
				411485162C72A81600006239 /* Constants.swift in Sources */,
				411753512C73E375007B3717 /* FinishedGameStats.swift in Sources */,
				413F883E2C912F630066DF21 /* GameData.swift in Sources */,
				41BD4CF92C8A437B00E8E32D /* FollowLiveGameView.swift in Sources */,
				412F0B952C7B1D2900EDE50F /* CreateExclusionView.swift in Sources */,
				419122A62C8162ED0097379F /* AudioRecorder.swift in Sources */,
				416822732C783AFB007E7190 /* SelectRosterView.swift in Sources */,
				4168A8362C7922FA00CFA510 /* FirebaseManager.swift in Sources */,
				4168A83E2C7AE8E000CFA510 /* CreateTurnoverView.swift in Sources */,
				4114851A2C72BA5700006239 /* LineupsView.swift in Sources */,
				413F88412C9619970066DF21 /* NewRosterView.swift in Sources */,
				4168A8382C7A9F3C00CFA510 /* GameView.swift in Sources */,
			);
			runOnlyForDeploymentPostprocessing = 0;
		};
		41A0CDB42C7144EC00F74BFD /* Sources */ = {
			isa = PBXSourcesBuildPhase;
			buildActionMask = 2147483647;
			files = (
				41A0CDBD2C7144EC00F74BFD /* livecodeTests.swift in Sources */,
			);
			runOnlyForDeploymentPostprocessing = 0;
		};
		41A0CDBE2C7144EC00F74BFD /* Sources */ = {
			isa = PBXSourcesBuildPhase;
			buildActionMask = 2147483647;
			files = (
				41A0CDC92C7144EC00F74BFD /* livecodeUITestsLaunchTests.swift in Sources */,
				41A0CDC72C7144EC00F74BFD /* livecodeUITests.swift in Sources */,
			);
			runOnlyForDeploymentPostprocessing = 0;
		};
/* End PBXSourcesBuildPhase section */

/* Begin PBXTargetDependency section */
		41A0CDBA2C7144EC00F74BFD /* PBXTargetDependency */ = {
			isa = PBXTargetDependency;
			target = 41A0CDA72C7144EA00F74BFD /* livecode */;
			targetProxy = 41A0CDB92C7144EC00F74BFD /* PBXContainerItemProxy */;
		};
		41A0CDC42C7144EC00F74BFD /* PBXTargetDependency */ = {
			isa = PBXTargetDependency;
			target = 41A0CDA72C7144EA00F74BFD /* livecode */;
			targetProxy = 41A0CDC32C7144EC00F74BFD /* PBXContainerItemProxy */;
		};
/* End PBXTargetDependency section */

/* Begin XCBuildConfiguration section */
		41A0CDCA2C7144EC00F74BFD /* Debug */ = {
			isa = XCBuildConfiguration;
			buildSettings = {
				ALWAYS_SEARCH_USER_PATHS = NO;
				ASSETCATALOG_COMPILER_GENERATE_SWIFT_ASSET_SYMBOL_EXTENSIONS = YES;
				CLANG_ANALYZER_NONNULL = YES;
				CLANG_ANALYZER_NUMBER_OBJECT_CONVERSION = YES_AGGRESSIVE;
				CLANG_CXX_LANGUAGE_STANDARD = "gnu++20";
				CLANG_ENABLE_MODULES = YES;
				CLANG_ENABLE_OBJC_ARC = YES;
				CLANG_ENABLE_OBJC_WEAK = YES;
				CLANG_WARN_BLOCK_CAPTURE_AUTORELEASING = YES;
				CLANG_WARN_BOOL_CONVERSION = YES;
				CLANG_WARN_COMMA = YES;
				CLANG_WARN_CONSTANT_CONVERSION = YES;
				CLANG_WARN_DEPRECATED_OBJC_IMPLEMENTATIONS = YES;
				CLANG_WARN_DIRECT_OBJC_ISA_USAGE = YES_ERROR;
				CLANG_WARN_DOCUMENTATION_COMMENTS = YES;
				CLANG_WARN_EMPTY_BODY = YES;
				CLANG_WARN_ENUM_CONVERSION = YES;
				CLANG_WARN_INFINITE_RECURSION = YES;
				CLANG_WARN_INT_CONVERSION = YES;
				CLANG_WARN_NON_LITERAL_NULL_CONVERSION = YES;
				CLANG_WARN_OBJC_IMPLICIT_RETAIN_SELF = YES;
				CLANG_WARN_OBJC_LITERAL_CONVERSION = YES;
				CLANG_WARN_OBJC_ROOT_CLASS = YES_ERROR;
				CLANG_WARN_QUOTED_INCLUDE_IN_FRAMEWORK_HEADER = YES;
				CLANG_WARN_RANGE_LOOP_ANALYSIS = YES;
				CLANG_WARN_STRICT_PROTOTYPES = YES;
				CLANG_WARN_SUSPICIOUS_MOVE = YES;
				CLANG_WARN_UNGUARDED_AVAILABILITY = YES_AGGRESSIVE;
				CLANG_WARN_UNREACHABLE_CODE = YES;
				CLANG_WARN__DUPLICATE_METHOD_MATCH = YES;
				COPY_PHASE_STRIP = NO;
				DEBUG_INFORMATION_FORMAT = dwarf;
				ENABLE_STRICT_OBJC_MSGSEND = YES;
				ENABLE_TESTABILITY = YES;
				ENABLE_USER_SCRIPT_SANDBOXING = YES;
				GCC_C_LANGUAGE_STANDARD = gnu17;
				GCC_DYNAMIC_NO_PIC = NO;
				GCC_NO_COMMON_BLOCKS = YES;
				GCC_OPTIMIZATION_LEVEL = 0;
				GCC_PREPROCESSOR_DEFINITIONS = (
					"DEBUG=1",
					"$(inherited)",
				);
				GCC_WARN_64_TO_32_BIT_CONVERSION = YES;
				GCC_WARN_ABOUT_RETURN_TYPE = YES_ERROR;
				GCC_WARN_UNDECLARED_SELECTOR = YES;
				GCC_WARN_UNINITIALIZED_AUTOS = YES_AGGRESSIVE;
				GCC_WARN_UNUSED_FUNCTION = YES;
				GCC_WARN_UNUSED_VARIABLE = YES;
				IPHONEOS_DEPLOYMENT_TARGET = 17.5;
				LOCALIZATION_PREFERS_STRING_CATALOGS = YES;
				MTL_ENABLE_DEBUG_INFO = INCLUDE_SOURCE;
				MTL_FAST_MATH = YES;
				ONLY_ACTIVE_ARCH = YES;
				SDKROOT = iphoneos;
				SWIFT_ACTIVE_COMPILATION_CONDITIONS = "DEBUG $(inherited)";
				SWIFT_OPTIMIZATION_LEVEL = "-Onone";
			};
			name = Debug;
		};
		41A0CDCB2C7144EC00F74BFD /* Release */ = {
			isa = XCBuildConfiguration;
			buildSettings = {
				ALWAYS_SEARCH_USER_PATHS = NO;
				ASSETCATALOG_COMPILER_GENERATE_SWIFT_ASSET_SYMBOL_EXTENSIONS = YES;
				CLANG_ANALYZER_NONNULL = YES;
				CLANG_ANALYZER_NUMBER_OBJECT_CONVERSION = YES_AGGRESSIVE;
				CLANG_CXX_LANGUAGE_STANDARD = "gnu++20";
				CLANG_ENABLE_MODULES = YES;
				CLANG_ENABLE_OBJC_ARC = YES;
				CLANG_ENABLE_OBJC_WEAK = YES;
				CLANG_WARN_BLOCK_CAPTURE_AUTORELEASING = YES;
				CLANG_WARN_BOOL_CONVERSION = YES;
				CLANG_WARN_COMMA = YES;
				CLANG_WARN_CONSTANT_CONVERSION = YES;
				CLANG_WARN_DEPRECATED_OBJC_IMPLEMENTATIONS = YES;
				CLANG_WARN_DIRECT_OBJC_ISA_USAGE = YES_ERROR;
				CLANG_WARN_DOCUMENTATION_COMMENTS = YES;
				CLANG_WARN_EMPTY_BODY = YES;
				CLANG_WARN_ENUM_CONVERSION = YES;
				CLANG_WARN_INFINITE_RECURSION = YES;
				CLANG_WARN_INT_CONVERSION = YES;
				CLANG_WARN_NON_LITERAL_NULL_CONVERSION = YES;
				CLANG_WARN_OBJC_IMPLICIT_RETAIN_SELF = YES;
				CLANG_WARN_OBJC_LITERAL_CONVERSION = YES;
				CLANG_WARN_OBJC_ROOT_CLASS = YES_ERROR;
				CLANG_WARN_QUOTED_INCLUDE_IN_FRAMEWORK_HEADER = YES;
				CLANG_WARN_RANGE_LOOP_ANALYSIS = YES;
				CLANG_WARN_STRICT_PROTOTYPES = YES;
				CLANG_WARN_SUSPICIOUS_MOVE = YES;
				CLANG_WARN_UNGUARDED_AVAILABILITY = YES_AGGRESSIVE;
				CLANG_WARN_UNREACHABLE_CODE = YES;
				CLANG_WARN__DUPLICATE_METHOD_MATCH = YES;
				COPY_PHASE_STRIP = NO;
				DEBUG_INFORMATION_FORMAT = "dwarf-with-dsym";
				ENABLE_NS_ASSERTIONS = NO;
				ENABLE_STRICT_OBJC_MSGSEND = YES;
				ENABLE_USER_SCRIPT_SANDBOXING = YES;
				GCC_C_LANGUAGE_STANDARD = gnu17;
				GCC_NO_COMMON_BLOCKS = YES;
				GCC_WARN_64_TO_32_BIT_CONVERSION = YES;
				GCC_WARN_ABOUT_RETURN_TYPE = YES_ERROR;
				GCC_WARN_UNDECLARED_SELECTOR = YES;
				GCC_WARN_UNINITIALIZED_AUTOS = YES_AGGRESSIVE;
				GCC_WARN_UNUSED_FUNCTION = YES;
				GCC_WARN_UNUSED_VARIABLE = YES;
				IPHONEOS_DEPLOYMENT_TARGET = 17.5;
				LOCALIZATION_PREFERS_STRING_CATALOGS = YES;
				MTL_ENABLE_DEBUG_INFO = NO;
				MTL_FAST_MATH = YES;
				SDKROOT = iphoneos;
				SWIFT_COMPILATION_MODE = wholemodule;
				VALIDATE_PRODUCT = YES;
			};
			name = Release;
		};
		41A0CDCD2C7144EC00F74BFD /* Debug */ = {
			isa = XCBuildConfiguration;
			buildSettings = {
				ASSETCATALOG_COMPILER_APPICON_NAME = AppIcon;
				ASSETCATALOG_COMPILER_GLOBAL_ACCENT_COLOR_NAME = AccentColor;
				CODE_SIGN_IDENTITY = "Apple Development";
				CODE_SIGN_STYLE = Automatic;
				CURRENT_PROJECT_VERSION = 1;
				DEVELOPMENT_ASSET_PATHS = "\"livecode/Preview Content\"";
				DEVELOPMENT_TEAM = PPS9QGNM4J;
				ENABLE_PREVIEWS = YES;
				GENERATE_INFOPLIST_FILE = YES;
				INFOPLIST_KEY_UIApplicationSceneManifest_Generation = YES;
				INFOPLIST_KEY_UIApplicationSupportsIndirectInputEvents = YES;
				INFOPLIST_KEY_UILaunchScreen_Generation = YES;
				INFOPLIST_KEY_UISupportedInterfaceOrientations_iPad = "UIInterfaceOrientationPortrait UIInterfaceOrientationPortraitUpsideDown UIInterfaceOrientationLandscapeLeft UIInterfaceOrientationLandscapeRight";
				INFOPLIST_KEY_UISupportedInterfaceOrientations_iPhone = "UIInterfaceOrientationPortrait UIInterfaceOrientationLandscapeLeft UIInterfaceOrientationLandscapeRight";
				IPHONEOS_DEPLOYMENT_TARGET = 17.0;
				LD_RUNPATH_SEARCH_PATHS = (
					"$(inherited)",
					"@executable_path/Frameworks",
				);
				MARKETING_VERSION = 1.0;
				PRODUCT_BUNDLE_IDENTIFIER = com.nolankrutonog.livecode;
				PRODUCT_NAME = "$(TARGET_NAME)";
				PROVISIONING_PROFILE_SPECIFIER = "";
				SWIFT_EMIT_LOC_STRINGS = YES;
				SWIFT_VERSION = 5.0;
				TARGETED_DEVICE_FAMILY = "1,2";
			};
			name = Debug;
		};
		41A0CDCE2C7144EC00F74BFD /* Release */ = {
			isa = XCBuildConfiguration;
			buildSettings = {
				ASSETCATALOG_COMPILER_APPICON_NAME = AppIcon;
				ASSETCATALOG_COMPILER_GLOBAL_ACCENT_COLOR_NAME = AccentColor;
				CODE_SIGN_IDENTITY = "Apple Development";
				CODE_SIGN_STYLE = Automatic;
				CURRENT_PROJECT_VERSION = 1;
				DEVELOPMENT_ASSET_PATHS = "\"livecode/Preview Content\"";
				DEVELOPMENT_TEAM = PPS9QGNM4J;
				ENABLE_PREVIEWS = YES;
				GENERATE_INFOPLIST_FILE = YES;
				INFOPLIST_KEY_UIApplicationSceneManifest_Generation = YES;
				INFOPLIST_KEY_UIApplicationSupportsIndirectInputEvents = YES;
				INFOPLIST_KEY_UILaunchScreen_Generation = YES;
				INFOPLIST_KEY_UISupportedInterfaceOrientations_iPad = "UIInterfaceOrientationPortrait UIInterfaceOrientationPortraitUpsideDown UIInterfaceOrientationLandscapeLeft UIInterfaceOrientationLandscapeRight";
				INFOPLIST_KEY_UISupportedInterfaceOrientations_iPhone = "UIInterfaceOrientationPortrait UIInterfaceOrientationLandscapeLeft UIInterfaceOrientationLandscapeRight";
				IPHONEOS_DEPLOYMENT_TARGET = 17.0;
				LD_RUNPATH_SEARCH_PATHS = (
					"$(inherited)",
					"@executable_path/Frameworks",
				);
				MARKETING_VERSION = 1.0;
				PRODUCT_BUNDLE_IDENTIFIER = com.nolankrutonog.livecode;
				PRODUCT_NAME = "$(TARGET_NAME)";
				PROVISIONING_PROFILE_SPECIFIER = "";
				SWIFT_EMIT_LOC_STRINGS = YES;
				SWIFT_VERSION = 5.0;
				TARGETED_DEVICE_FAMILY = "1,2";
			};
			name = Release;
		};
		41A0CDD02C7144EC00F74BFD /* Debug */ = {
			isa = XCBuildConfiguration;
			buildSettings = {
				ALWAYS_EMBED_SWIFT_STANDARD_LIBRARIES = YES;
				BUNDLE_LOADER = "$(TEST_HOST)";
				CODE_SIGN_STYLE = Automatic;
				CURRENT_PROJECT_VERSION = 1;
				DEVELOPMENT_TEAM = PPS9QGNM4J;
				GENERATE_INFOPLIST_FILE = YES;
				IPHONEOS_DEPLOYMENT_TARGET = 17.5;
				MARKETING_VERSION = 1.0;
				PRODUCT_BUNDLE_IDENTIFIER = nolankrutonog.livecodeTests;
				PRODUCT_NAME = "$(TARGET_NAME)";
				SWIFT_EMIT_LOC_STRINGS = NO;
				SWIFT_VERSION = 5.0;
				TARGETED_DEVICE_FAMILY = "1,2";
				TEST_HOST = "$(BUILT_PRODUCTS_DIR)/livecode.app/$(BUNDLE_EXECUTABLE_FOLDER_PATH)/livecode";
			};
			name = Debug;
		};
		41A0CDD12C7144EC00F74BFD /* Release */ = {
			isa = XCBuildConfiguration;
			buildSettings = {
				ALWAYS_EMBED_SWIFT_STANDARD_LIBRARIES = YES;
				BUNDLE_LOADER = "$(TEST_HOST)";
				CODE_SIGN_STYLE = Automatic;
				CURRENT_PROJECT_VERSION = 1;
				DEVELOPMENT_TEAM = PPS9QGNM4J;
				GENERATE_INFOPLIST_FILE = YES;
				IPHONEOS_DEPLOYMENT_TARGET = 17.5;
				MARKETING_VERSION = 1.0;
				PRODUCT_BUNDLE_IDENTIFIER = nolankrutonog.livecodeTests;
				PRODUCT_NAME = "$(TARGET_NAME)";
				SWIFT_EMIT_LOC_STRINGS = NO;
				SWIFT_VERSION = 5.0;
				TARGETED_DEVICE_FAMILY = "1,2";
				TEST_HOST = "$(BUILT_PRODUCTS_DIR)/livecode.app/$(BUNDLE_EXECUTABLE_FOLDER_PATH)/livecode";
			};
			name = Release;
		};
		41A0CDD32C7144EC00F74BFD /* Debug */ = {
			isa = XCBuildConfiguration;
			buildSettings = {
				ALWAYS_EMBED_SWIFT_STANDARD_LIBRARIES = YES;
				CODE_SIGN_STYLE = Automatic;
				CURRENT_PROJECT_VERSION = 1;
				DEVELOPMENT_TEAM = PPS9QGNM4J;
				GENERATE_INFOPLIST_FILE = YES;
				MARKETING_VERSION = 1.0;
				PRODUCT_BUNDLE_IDENTIFIER = nolankrutonog.livecodeUITests;
				PRODUCT_NAME = "$(TARGET_NAME)";
				SWIFT_EMIT_LOC_STRINGS = NO;
				SWIFT_VERSION = 5.0;
				TARGETED_DEVICE_FAMILY = "1,2";
				TEST_TARGET_NAME = livecode;
			};
			name = Debug;
		};
		41A0CDD42C7144EC00F74BFD /* Release */ = {
			isa = XCBuildConfiguration;
			buildSettings = {
				ALWAYS_EMBED_SWIFT_STANDARD_LIBRARIES = YES;
				CODE_SIGN_STYLE = Automatic;
				CURRENT_PROJECT_VERSION = 1;
				DEVELOPMENT_TEAM = PPS9QGNM4J;
				GENERATE_INFOPLIST_FILE = YES;
				MARKETING_VERSION = 1.0;
				PRODUCT_BUNDLE_IDENTIFIER = nolankrutonog.livecodeUITests;
				PRODUCT_NAME = "$(TARGET_NAME)";
				SWIFT_EMIT_LOC_STRINGS = NO;
				SWIFT_VERSION = 5.0;
				TARGETED_DEVICE_FAMILY = "1,2";
				TEST_TARGET_NAME = livecode;
			};
			name = Release;
		};
/* End XCBuildConfiguration section */

/* Begin XCConfigurationList section */
		41A0CDA32C7144EA00F74BFD /* Build configuration list for PBXProject "livecode" */ = {
			isa = XCConfigurationList;
			buildConfigurations = (
				41A0CDCA2C7144EC00F74BFD /* Debug */,
				41A0CDCB2C7144EC00F74BFD /* Release */,
			);
			defaultConfigurationIsVisible = 0;
			defaultConfigurationName = Release;
		};
		41A0CDCC2C7144EC00F74BFD /* Build configuration list for PBXNativeTarget "livecode" */ = {
			isa = XCConfigurationList;
			buildConfigurations = (
				41A0CDCD2C7144EC00F74BFD /* Debug */,
				41A0CDCE2C7144EC00F74BFD /* Release */,
			);
			defaultConfigurationIsVisible = 0;
			defaultConfigurationName = Release;
		};
		41A0CDCF2C7144EC00F74BFD /* Build configuration list for PBXNativeTarget "livecodeTests" */ = {
			isa = XCConfigurationList;
			buildConfigurations = (
				41A0CDD02C7144EC00F74BFD /* Debug */,
				41A0CDD12C7144EC00F74BFD /* Release */,
			);
			defaultConfigurationIsVisible = 0;
			defaultConfigurationName = Release;
		};
		41A0CDD22C7144EC00F74BFD /* Build configuration list for PBXNativeTarget "livecodeUITests" */ = {
			isa = XCConfigurationList;
			buildConfigurations = (
				41A0CDD32C7144EC00F74BFD /* Debug */,
				41A0CDD42C7144EC00F74BFD /* Release */,
			);
			defaultConfigurationIsVisible = 0;
			defaultConfigurationName = Release;
		};
/* End XCConfigurationList section */

/* Begin XCRemoteSwiftPackageReference section */
		41038B842C765D84000E563C /* XCRemoteSwiftPackageReference "firebase-ios-sdk" */ = {
			isa = XCRemoteSwiftPackageReference;
			repositoryURL = "https://github.com/firebase/firebase-ios-sdk";
			requirement = {
				kind = upToNextMajorVersion;
				minimumVersion = 11.1.0;
			};
		};
		419122A72C8164C80097379F /* XCRemoteSwiftPackageReference "OpenAI" */ = {
			isa = XCRemoteSwiftPackageReference;
			repositoryURL = "https://github.com/FuturraGroup/OpenAI.git";
			requirement = {
				kind = upToNextMajorVersion;
				minimumVersion = 1.9.3;
			};
		};
/* End XCRemoteSwiftPackageReference section */

/* Begin XCSwiftPackageProductDependency section */
		41038B852C765EC7000E563C /* FirebaseAnalytics */ = {
			isa = XCSwiftPackageProductDependency;
			package = 41038B842C765D84000E563C /* XCRemoteSwiftPackageReference "firebase-ios-sdk" */;
			productName = FirebaseAnalytics;
		};
		41038B872C765EC7000E563C /* FirebaseAnalyticsOnDeviceConversion */ = {
			isa = XCSwiftPackageProductDependency;
			package = 41038B842C765D84000E563C /* XCRemoteSwiftPackageReference "firebase-ios-sdk" */;
			productName = FirebaseAnalyticsOnDeviceConversion;
		};
		41038B892C765EC7000E563C /* FirebaseAnalyticsWithoutAdIdSupport */ = {
			isa = XCSwiftPackageProductDependency;
			package = 41038B842C765D84000E563C /* XCRemoteSwiftPackageReference "firebase-ios-sdk" */;
			productName = FirebaseAnalyticsWithoutAdIdSupport;
		};
		41038B8B2C765EC7000E563C /* FirebaseAppCheck */ = {
			isa = XCSwiftPackageProductDependency;
			package = 41038B842C765D84000E563C /* XCRemoteSwiftPackageReference "firebase-ios-sdk" */;
			productName = FirebaseAppCheck;
		};
		41038B8D2C765EC7000E563C /* FirebaseAppDistribution-Beta */ = {
			isa = XCSwiftPackageProductDependency;
			package = 41038B842C765D84000E563C /* XCRemoteSwiftPackageReference "firebase-ios-sdk" */;
			productName = "FirebaseAppDistribution-Beta";
		};
		41038B8F2C765EC7000E563C /* FirebaseAuth */ = {
			isa = XCSwiftPackageProductDependency;
			package = 41038B842C765D84000E563C /* XCRemoteSwiftPackageReference "firebase-ios-sdk" */;
			productName = FirebaseAuth;
		};
		41038B912C765EC7000E563C /* FirebaseAuthCombine-Community */ = {
			isa = XCSwiftPackageProductDependency;
			package = 41038B842C765D84000E563C /* XCRemoteSwiftPackageReference "firebase-ios-sdk" */;
			productName = "FirebaseAuthCombine-Community";
		};
		41038B932C765EC7000E563C /* FirebaseCrashlytics */ = {
			isa = XCSwiftPackageProductDependency;
			package = 41038B842C765D84000E563C /* XCRemoteSwiftPackageReference "firebase-ios-sdk" */;
			productName = FirebaseCrashlytics;
		};
		41038B952C765EC7000E563C /* FirebaseDatabase */ = {
			isa = XCSwiftPackageProductDependency;
			package = 41038B842C765D84000E563C /* XCRemoteSwiftPackageReference "firebase-ios-sdk" */;
			productName = FirebaseDatabase;
		};
		41038B972C765EC7000E563C /* FirebaseDynamicLinks */ = {
			isa = XCSwiftPackageProductDependency;
			package = 41038B842C765D84000E563C /* XCRemoteSwiftPackageReference "firebase-ios-sdk" */;
			productName = FirebaseDynamicLinks;
		};
		41038B992C765EC7000E563C /* FirebaseFirestore */ = {
			isa = XCSwiftPackageProductDependency;
			package = 41038B842C765D84000E563C /* XCRemoteSwiftPackageReference "firebase-ios-sdk" */;
			productName = FirebaseFirestore;
		};
		41038B9B2C765EC7000E563C /* FirebaseFirestoreCombine-Community */ = {
			isa = XCSwiftPackageProductDependency;
			package = 41038B842C765D84000E563C /* XCRemoteSwiftPackageReference "firebase-ios-sdk" */;
			productName = "FirebaseFirestoreCombine-Community";
		};
		41038B9D2C765EC7000E563C /* FirebaseFunctions */ = {
			isa = XCSwiftPackageProductDependency;
			package = 41038B842C765D84000E563C /* XCRemoteSwiftPackageReference "firebase-ios-sdk" */;
			productName = FirebaseFunctions;
		};
		41038B9F2C765EC7000E563C /* FirebaseFunctionsCombine-Community */ = {
			isa = XCSwiftPackageProductDependency;
			package = 41038B842C765D84000E563C /* XCRemoteSwiftPackageReference "firebase-ios-sdk" */;
			productName = "FirebaseFunctionsCombine-Community";
		};
		41038BA12C765EC7000E563C /* FirebaseInAppMessaging-Beta */ = {
			isa = XCSwiftPackageProductDependency;
			package = 41038B842C765D84000E563C /* XCRemoteSwiftPackageReference "firebase-ios-sdk" */;
			productName = "FirebaseInAppMessaging-Beta";
		};
		41038BA32C765EC7000E563C /* FirebaseInstallations */ = {
			isa = XCSwiftPackageProductDependency;
			package = 41038B842C765D84000E563C /* XCRemoteSwiftPackageReference "firebase-ios-sdk" */;
			productName = FirebaseInstallations;
		};
		41038BA52C765EC7000E563C /* FirebaseMLModelDownloader */ = {
			isa = XCSwiftPackageProductDependency;
			package = 41038B842C765D84000E563C /* XCRemoteSwiftPackageReference "firebase-ios-sdk" */;
			productName = FirebaseMLModelDownloader;
		};
		41038BA72C765EC7000E563C /* FirebaseMessaging */ = {
			isa = XCSwiftPackageProductDependency;
			package = 41038B842C765D84000E563C /* XCRemoteSwiftPackageReference "firebase-ios-sdk" */;
			productName = FirebaseMessaging;
		};
		41038BA92C765EC7000E563C /* FirebasePerformance */ = {
			isa = XCSwiftPackageProductDependency;
			package = 41038B842C765D84000E563C /* XCRemoteSwiftPackageReference "firebase-ios-sdk" */;
			productName = FirebasePerformance;
		};
		41038BAB2C765EC7000E563C /* FirebaseRemoteConfig */ = {
			isa = XCSwiftPackageProductDependency;
			package = 41038B842C765D84000E563C /* XCRemoteSwiftPackageReference "firebase-ios-sdk" */;
			productName = FirebaseRemoteConfig;
		};
		41038BAD2C765EC7000E563C /* FirebaseStorage */ = {
			isa = XCSwiftPackageProductDependency;
			package = 41038B842C765D84000E563C /* XCRemoteSwiftPackageReference "firebase-ios-sdk" */;
			productName = FirebaseStorage;
		};
		41038BAF2C765EC7000E563C /* FirebaseStorageCombine-Community */ = {
			isa = XCSwiftPackageProductDependency;
			package = 41038B842C765D84000E563C /* XCRemoteSwiftPackageReference "firebase-ios-sdk" */;
			productName = "FirebaseStorageCombine-Community";
		};
		41038BB12C765EC7000E563C /* FirebaseVertexAI-Preview */ = {
			isa = XCSwiftPackageProductDependency;
			package = 41038B842C765D84000E563C /* XCRemoteSwiftPackageReference "firebase-ios-sdk" */;
			productName = "FirebaseVertexAI-Preview";
		};
/* End XCSwiftPackageProductDependency section */
	};
	rootObject = 41A0CDA02C7144EA00F74BFD /* Project object */;
}
